
Microsoft Visual Studio Solution File, Format Version 12.00
# Visual Studio 15
VisualStudioVersion = 15.0.26124.0
MinimumVisualStudioVersion = 15.0.26124.0
Project("{FAE04EC0-301F-11D3-BF4B-00C04F79EFBC}") = "parcial", "parcial\parcial.csproj", "{74E109D4-AF8C-42AC-9EC1-E67F8AAEED3D}"
EndProject
Project("{FAE04EC0-301F-11D3-BF4B-00C04F79EFBC}") = "Datos", "Datos\Datos.csproj", "{FB9BF7FB-9407-4A33-AA67-71B099EAE8FD}"
EndProject
Project("{FAE04EC0-301F-11D3-BF4B-00C04F79EFBC}") = "Logica", "Logica\Logica.csproj", "{CFFFE8AA-06B5-40C7-B37C-9A85DFEEC5EC}"
EndProject
Project("{FAE04EC0-301F-11D3-BF4B-00C04F79EFBC}") = "Entidad", "Entidad\Entidad.csproj", "{7BC4258B-54A8-4BE4-B1A7-F3F0082E6A71}"
EndProject
Global
	GlobalSection(SolutionConfigurationPlatforms) = preSolution
		Debug|Any CPU = Debug|Any CPU
		Debug|x64 = Debug|x64
		Debug|x86 = Debug|x86
		Release|Any CPU = Release|Any CPU
		Release|x64 = Release|x64
		Release|x86 = Release|x86
	EndGlobalSection
	GlobalSection(SolutionProperties) = preSolution
		HideSolutionNode = FALSE
	EndGlobalSection
	GlobalSection(ProjectConfigurationPlatforms) = postSolution
		{74E109D4-AF8C-42AC-9EC1-E67F8AAEED3D}.Debug|Any CPU.ActiveCfg = Debug|Any CPU
		{74E109D4-AF8C-42AC-9EC1-E67F8AAEED3D}.Debug|Any CPU.Build.0 = Debug|Any CPU
		{74E109D4-AF8C-42AC-9EC1-E67F8AAEED3D}.Debug|x64.ActiveCfg = Debug|Any CPU
		{74E109D4-AF8C-42AC-9EC1-E67F8AAEED3D}.Debug|x64.Build.0 = Debug|Any CPU
		{74E109D4-AF8C-42AC-9EC1-E67F8AAEED3D}.Debug|x86.ActiveCfg = Debug|Any CPU
		{74E109D4-AF8C-42AC-9EC1-E67F8AAEED3D}.Debug|x86.Build.0 = Debug|Any CPU
		{74E109D4-AF8C-42AC-9EC1-E67F8AAEED3D}.Release|Any CPU.ActiveCfg = Release|Any CPU
		{74E109D4-AF8C-42AC-9EC1-E67F8AAEED3D}.Release|Any CPU.Build.0 = Release|Any CPU
		{74E109D4-AF8C-42AC-9EC1-E67F8AAEED3D}.Release|x64.ActiveCfg = Release|Any CPU
		{74E109D4-AF8C-42AC-9EC1-E67F8AAEED3D}.Release|x64.Build.0 = Release|Any CPU
		{74E109D4-AF8C-42AC-9EC1-E67F8AAEED3D}.Release|x86.ActiveCfg = Release|Any CPU
		{74E109D4-AF8C-42AC-9EC1-E67F8AAEED3D}.Release|x86.Build.0 = Release|Any CPU
		{FB9BF7FB-9407-4A33-AA67-71B099EAE8FD}.Debug|Any CPU.ActiveCfg = Debug|Any CPU
		{FB9BF7FB-9407-4A33-AA67-71B099EAE8FD}.Debug|Any CPU.Build.0 = Debug|Any CPU
		{FB9BF7FB-9407-4A33-AA67-71B099EAE8FD}.Debug|x64.ActiveCfg = Debug|Any CPU
		{FB9BF7FB-9407-4A33-AA67-71B099EAE8FD}.Debug|x64.Build.0 = Debug|Any CPU
		{FB9BF7FB-9407-4A33-AA67-71B099EAE8FD}.Debug|x86.ActiveCfg = Debug|Any CPU
		{FB9BF7FB-9407-4A33-AA67-71B099EAE8FD}.Debug|x86.Build.0 = Debug|Any CPU
		{FB9BF7FB-9407-4A33-AA67-71B099EAE8FD}.Release|Any CPU.ActiveCfg = Release|Any CPU
		{FB9BF7FB-9407-4A33-AA67-71B099EAE8FD}.Release|Any CPU.Build.0 = Release|Any CPU
		{FB9BF7FB-9407-4A33-AA67-71B099EAE8FD}.Release|x64.ActiveCfg = Release|Any CPU
		{FB9BF7FB-9407-4A33-AA67-71B099EAE8FD}.Release|x64.Build.0 = Release|Any CPU
		{FB9BF7FB-9407-4A33-AA67-71B099EAE8FD}.Release|x86.ActiveCfg = Release|Any CPU
		{FB9BF7FB-9407-4A33-AA67-71B099EAE8FD}.Release|x86.Build.0 = Release|Any CPU
		{CFFFE8AA-06B5-40C7-B37C-9A85DFEEC5EC}.Debug|Any CPU.ActiveCfg = Debug|Any CPU
		{CFFFE8AA-06B5-40C7-B37C-9A85DFEEC5EC}.Debug|Any CPU.Build.0 = Debug|Any CPU
		{CFFFE8AA-06B5-40C7-B37C-9A85DFEEC5EC}.Debug|x64.ActiveCfg = Debug|Any CPU
		{CFFFE8AA-06B5-40C7-B37C-9A85DFEEC5EC}.Debug|x64.Build.0 = Debug|Any CPU
		{CFFFE8AA-06B5-40C7-B37C-9A85DFEEC5EC}.Debug|x86.ActiveCfg = Debug|Any CPU
		{CFFFE8AA-06B5-40C7-B37C-9A85DFEEC5EC}.Debug|x86.Build.0 = Debug|Any CPU
		{CFFFE8AA-06B5-40C7-B37C-9A85DFEEC5EC}.Release|Any CPU.ActiveCfg = Release|Any CPU
		{CFFFE8AA-06B5-40C7-B37C-9A85DFEEC5EC}.Release|Any CPU.Build.0 = Release|Any CPU
		{CFFFE8AA-06B5-40C7-B37C-9A85DFEEC5EC}.Release|x64.ActiveCfg = Release|Any CPU
		{CFFFE8AA-06B5-40C7-B37C-9A85DFEEC5EC}.Release|x64.Build.0 = Release|Any CPU
		{CFFFE8AA-06B5-40C7-B37C-9A85DFEEC5EC}.Release|x86.ActiveCfg = Release|Any CPU
		{CFFFE8AA-06B5-40C7-B37C-9A85DFEEC5EC}.Release|x86.Build.0 = Release|Any CPU
		{7BC4258B-54A8-4BE4-B1A7-F3F0082E6A71}.Debug|Any CPU.ActiveCfg = Debug|Any CPU
		{7BC4258B-54A8-4BE4-B1A7-F3F0082E6A71}.Debug|Any CPU.Build.0 = Debug|Any CPU
		{7BC4258B-54A8-4BE4-B1A7-F3F0082E6A71}.Debug|x64.ActiveCfg = Debug|Any CPU
		{7BC4258B-54A8-4BE4-B1A7-F3F0082E6A71}.Debug|x64.Build.0 = Debug|Any CPU
		{7BC4258B-54A8-4BE4-B1A7-F3F0082E6A71}.Debug|x86.ActiveCfg = Debug|Any CPU
		{7BC4258B-54A8-4BE4-B1A7-F3F0082E6A71}.Debug|x86.Build.0 = Debug|Any CPU
		{7BC4258B-54A8-4BE4-B1A7-F3F0082E6A71}.Release|Any CPU.ActiveCfg = Release|Any CPU
		{7BC4258B-54A8-4BE4-B1A7-F3F0082E6A71}.Release|Any CPU.Build.0 = Release|Any CPU
		{7BC4258B-54A8-4BE4-B1A7-F3F0082E6A71}.Release|x64.ActiveCfg = Release|Any CPU
		{7BC4258B-54A8-4BE4-B1A7-F3F0082E6A71}.Release|x64.Build.0 = Release|Any CPU
		{7BC4258B-54A8-4BE4-B1A7-F3F0082E6A71}.Release|x86.ActiveCfg = Release|Any CPU
		{7BC4258B-54A8-4BE4-B1A7-F3F0082E6A71}.Release|x86.Build.0 = Release|Any CPU
	EndGlobalSection
EndGlobal
